// !$*UTF8*$!
{
	archiveVersion = 1;
	classes = {
	};
	objectVersion = 50;
	objects = {

/* Begin PBXBuildFile section */
		EDC8D62B23F455AF00154CC9 /* AppDelegate.swift in Sources */ = {isa = PBXBuildFile; fileRef = EDC8D62A23F455AF00154CC9 /* AppDelegate.swift */; };
		EDC8D62D23F455AF00154CC9 /* ViewController.swift in Sources */ = {isa = PBXBuildFile; fileRef = EDC8D62C23F455AF00154CC9 /* ViewController.swift */; };
		EDC8D62F23F455AF00154CC9 /* EscenasJuego.rcproject in Sources */ = {isa = PBXBuildFile; fileRef = EDC8D62E23F455AF00154CC9 /* EscenasJuego.rcproject */; };
		EDC8D63223F455AF00154CC9 /* Main.storyboard in Resources */ = {isa = PBXBuildFile; fileRef = EDC8D63023F455AF00154CC9 /* Main.storyboard */; };
		EDC8D63423F455B100154CC9 /* Assets.xcassets in Resources */ = {isa = PBXBuildFile; fileRef = EDC8D63323F455B100154CC9 /* Assets.xcassets */; };
		EDC8D63723F455B100154CC9 /* LaunchScreen.storyboard in Resources */ = {isa = PBXBuildFile; fileRef = EDC8D63523F455B100154CC9 /* LaunchScreen.storyboard */; };
/* End PBXBuildFile section */

/* Begin PBXFileReference section */
		EDC8D62723F455AF00154CC9 /* Think and Build.app */ = {isa = PBXFileReference; explicitFileType = wrapper.application; includeInIndex = 0; path = "Think and Build.app"; sourceTree = BUILT_PRODUCTS_DIR; };
		EDC8D62A23F455AF00154CC9 /* AppDelegate.swift */ = {isa = PBXFileReference; lastKnownFileType = sourcecode.swift; path = AppDelegate.swift; sourceTree = "<group>"; };
		EDC8D62C23F455AF00154CC9 /* ViewController.swift */ = {isa = PBXFileReference; lastKnownFileType = sourcecode.swift; path = ViewController.swift; sourceTree = "<group>"; };
		EDC8D62E23F455AF00154CC9 /* EscenasJuego.rcproject */ = {isa = PBXFileReference; lastKnownFileType = file.rcproject; path = EscenasJuego.rcproject; sourceTree = "<group>"; };
		EDC8D63123F455AF00154CC9 /* Base */ = {isa = PBXFileReference; lastKnownFileType = file.storyboard; name = Base; path = Base.lproj/Main.storyboard; sourceTree = "<group>"; };
		EDC8D63323F455B100154CC9 /* Assets.xcassets */ = {isa = PBXFileReference; lastKnownFileType = folder.assetcatalog; path = Assets.xcassets; sourceTree = "<group>"; };
		EDC8D63623F455B100154CC9 /* Base */ = {isa = PBXFileReference; lastKnownFileType = file.storyboard; name = Base; path = Base.lproj/LaunchScreen.storyboard; sourceTree = "<group>"; };
		EDC8D63823F455B100154CC9 /* Info.plist */ = {isa = PBXFileReference; lastKnownFileType = text.plist.xml; path = Info.plist; sourceTree = "<group>"; };
/* End PBXFileReference section */

/* Begin PBXFrameworksBuildPhase section */
		EDC8D62423F455AF00154CC9 /* Frameworks */ = {
			isa = PBXFrameworksBuildPhase;
			buildActionMask = 2147483647;
			files = (
			);
			runOnlyForDeploymentPostprocessing = 0;
		};
/* End PBXFrameworksBuildPhase section */

/* Begin PBXGroup section */
		EDC8D61E23F455AD00154CC9 = {
			isa = PBXGroup;
			children = (
				EDC8D62923F455AF00154CC9 /* Think and Build */,
				EDC8D62823F455AF00154CC9 /* Products */,
			);
			sourceTree = "<group>";
		};
		EDC8D62823F455AF00154CC9 /* Products */ = {
			isa = PBXGroup;
			children = (
				EDC8D62723F455AF00154CC9 /* Think and Build.app */,
			);
			name = Products;
			sourceTree = "<group>";
		};
		EDC8D62923F455AF00154CC9 /* Think and Build */ = {
			isa = PBXGroup;
			children = (
				EDC8D62A23F455AF00154CC9 /* AppDelegate.swift */,
				EDC8D62E23F455AF00154CC9 /* EscenasJuego.rcproject */,
				EDC8D62C23F455AF00154CC9 /* ViewController.swift */,
				EDC8D63023F455AF00154CC9 /* Main.storyboard */,
				EDC8D63323F455B100154CC9 /* Assets.xcassets */,
				EDC8D63523F455B100154CC9 /* LaunchScreen.storyboard */,
				EDC8D63823F455B100154CC9 /* Info.plist */,
			);
			path = "Think and Build";
			sourceTree = "<group>";
		};
/* End PBXGroup section */

/* Begin PBXNativeTarget section */
		EDC8D62623F455AF00154CC9 /* Think and Build */ = {
			isa = PBXNativeTarget;
			buildConfigurationList = EDC8D63B23F455B100154CC9 /* Build configuration list for PBXNativeTarget "Think and Build" */;
			buildPhases = (
				EDC8D62323F455AF00154CC9 /* Sources */,
				EDC8D62423F455AF00154CC9 /* Frameworks */,
				EDC8D62523F455AF00154CC9 /* Resources */,
			);
			buildRules = (
			);
			dependencies = (
			);
			name = "Think and Build";
			productName = "Think and Build";
			productReference = EDC8D62723F455AF00154CC9 /* Think and Build.app */;
			productType = "com.apple.product-type.application";
		};
/* End PBXNativeTarget section */

/* Begin PBXProject section */
		EDC8D61F23F455AD00154CC9 /* Project object */ = {
			isa = PBXProject;
			attributes = {
				LastSwiftUpdateCheck = 1130;
				LastUpgradeCheck = 1130;
				ORGANIZATIONNAME = tallerapps;
				TargetAttributes = {
					EDC8D62623F455AF00154CC9 = {
						CreatedOnToolsVersion = 11.3.1;
					};
				};
			};
			buildConfigurationList = EDC8D62223F455AD00154CC9 /* Build configuration list for PBXProject "Think and Build" */;
			compatibilityVersion = "Xcode 9.3";
			developmentRegion = en;
			hasScannedForEncodings = 0;
			knownRegions = (
				en,
				Base,
			);
			mainGroup = EDC8D61E23F455AD00154CC9;
			productRefGroup = EDC8D62823F455AF00154CC9 /* Products */;
			projectDirPath = "";
			projectRoot = "";
			targets = (
				EDC8D62623F455AF00154CC9 /* Think and Build */,
			);
		};
/* End PBXProject section */

/* Begin PBXResourcesBuildPhase section */
		EDC8D62523F455AF00154CC9 /* Resources */ = {
			isa = PBXResourcesBuildPhase;
			buildActionMask = 2147483647;
			files = (
				EDC8D63723F455B100154CC9 /* LaunchScreen.storyboard in Resources */,
				EDC8D63423F455B100154CC9 /* Assets.xcassets in Resources */,
				EDC8D63223F455AF00154CC9 /* Main.storyboard in Resources */,
			);
			runOnlyForDeploymentPostprocessing = 0;
		};
/* End PBXResourcesBuildPhase section */

/* Begin PBXSourcesBuildPhase section */
		EDC8D62323F455AF00154CC9 /* Sources */ = {
			isa = PBXSourcesBuildPhase;
			buildActionMask = 2147483647;
			files = (
				EDC8D62D23F455AF00154CC9 /* ViewController.swift in Sources */,
				EDC8D62B23F455AF00154CC9 /* AppDelegate.swift in Sources */,
				EDC8D62F23F455AF00154CC9 /* EscenasJuego.rcproject in Sources */,
			);
			runOnlyForDeploymentPostprocessing = 0;
		};
/* End PBXSourcesBuildPhase section */

/* Begin PBXVariantGroup section */
		EDC8D63023F455AF00154CC9 /* Main.storyboard */ = {
			isa = PBXVariantGroup;
			children = (
				EDC8D63123F455AF00154CC9 /* Base */,
			);
			name = Main.storyboard;
			sourceTree = "<group>";
		};
		EDC8D63523F455B100154CC9 /* LaunchScreen.storyboard */ = {
			isa = PBXVariantGroup;
			children = (
				EDC8D63623F455B100154CC9 /* Base */,
			);
			name = LaunchScreen.storyboard;
			sourceTree = "<group>";
		};
/* End PBXVariantGroup section */

/* Begin XCBuildConfiguration section */
		EDC8D63923F455B100154CC9 /* Debug */ = {
			isa = XCBuildConfiguration;
			buildSettings = {
				ALWAYS_SEARCH_USER_PATHS = NO;
				CLANG_ANALYZER_NONNULL = YES;
				CLANG_ANALYZER_NUMBER_OBJECT_CONVERSION = YES_AGGRESSIVE;
				CLANG_CXX_LANGUAGE_STANDARD = "gnu++14";
				CLANG_CXX_LIBRARY = "libc++";
				CLANG_ENABLE_MODULES = YES;
				CLANG_ENABLE_OBJC_ARC = YES;
				CLANG_ENABLE_OBJC_WEAK = YES;
				CLANG_WARN_BLOCK_CAPTURE_AUTORELEASING = YES;
				CLANG_WARN_BOOL_CONVERSION = YES;
				CLANG_WARN_COMMA = YES;
				CLANG_WARN_CONSTANT_CONVERSION = YES;
				CLANG_WARN_DEPRECATED_OBJC_IMPLEMENTATIONS = YES;
				CLANG_WARN_DIRECT_OBJC_ISA_USAGE = YES_ERROR;
				CLANG_WARN_DOCUMENTATION_COMMENTS = YES;
				CLANG_WARN_EMPTY_BODY = YES;
				CLANG_WARN_ENUM_CONVERSION = YES;
				CLANG_WARN_INFINITE_RECURSION = YES;
				CLANG_WARN_INT_CONVERSION = YES;
				CLANG_WARN_NON_LITERAL_NULL_CONVERSION = YES;
				CLANG_WARN_OBJC_IMPLICIT_RETAIN_SELF = YES;
				CLANG_WARN_OBJC_LITERAL_CONVERSION = YES;
				CLANG_WARN_OBJC_ROOT_CLASS = YES_ERROR;
				CLANG_WARN_RANGE_LOOP_ANALYSIS = YES;
				CLANG_WARN_STRICT_PROTOTYPES = YES;
				CLANG_WARN_SUSPICIOUS_MOVE = YES;
				CLANG_WARN_UNGUARDED_AVAILABILITY = YES_AGGRESSIVE;
				CLANG_WARN_UNREACHABLE_CODE = YES;
				CLANG_WARN__DUPLICATE_METHOD_MATCH = YES;
				COPY_PHASE_STRIP = NO;
				DEBUG_INFORMATION_FORMAT = dwarf;
				ENABLE_STRICT_OBJC_MSGSEND = YES;
				ENABLE_TESTABILITY = YES;
				GCC_C_LANGUAGE_STANDARD = gnu11;
				GCC_DYNAMIC_NO_PIC = NO;
				GCC_NO_COMMON_BLOCKS = YES;
				GCC_OPTIMIZATION_LEVEL = 0;
				GCC_PREPROCESSOR_DEFINITIONS = (
					"DEBUG=1",
					"$(inherited)",
				);
				GCC_WARN_64_TO_32_BIT_CONVERSION = YES;
				GCC_WARN_ABOUT_RETURN_TYPE = YES_ERROR;
				GCC_WARN_UNDECLARED_SELECTOR = YES;
				GCC_WARN_UNINITIALIZED_AUTOS = YES_AGGRESSIVE;
				GCC_WARN_UNUSED_FUNCTION = YES;
				GCC_WARN_UNUSED_VARIABLE = YES;
				IPHONEOS_DEPLOYMENT_TARGET = 13.2;
				MTL_ENABLE_DEBUG_INFO = INCLUDE_SOURCE;
				MTL_FAST_MATH = YES;
				ONLY_ACTIVE_ARCH = YES;
				SDKROOT = iphoneos;
				SWIFT_ACTIVE_COMPILATION_CONDITIONS = DEBUG;
				SWIFT_OPTIMIZATION_LEVEL = "-Onone";
			};
			name = Debug;
		};
		EDC8D63A23F455B100154CC9 /* Release */ = {
			isa = XCBuildConfiguration;
			buildSettings = {
				ALWAYS_SEARCH_USER_PATHS = NO;
				CLANG_ANALYZER_NONNULL = YES;
				CLANG_ANALYZER_NUMBER_OBJECT_CONVERSION = YES_AGGRESSIVE;
				CLANG_CXX_LANGUAGE_STANDARD = "gnu++14";
				CLANG_CXX_LIBRARY = "libc++";
				CLANG_ENABLE_MODULES = YES;
				CLANG_ENABLE_OBJC_ARC = YES;
				CLANG_ENABLE_OBJC_WEAK = YES;
				CLANG_WARN_BLOCK_CAPTURE_AUTORELEASING = YES;
				CLANG_WARN_BOOL_CONVERSION = YES;
				CLANG_WARN_COMMA = YES;
				CLANG_WARN_CONSTANT_CONVERSION = YES;
				CLANG_WARN_DEPRECATED_OBJC_IMPLEMENTATIONS = YES;
				CLANG_WARN_DIRECT_OBJC_ISA_USAGE = YES_ERROR;
				CLANG_WARN_DOCUMENTATION_COMMENTS = YES;
				CLANG_WARN_EMPTY_BODY = YES;
				CLANG_WARN_ENUM_CONVERSION = YES;
				CLANG_WARN_INFINITE_RECURSION = YES;
				CLANG_WARN_INT_CONVERSION = YES;
				CLANG_WARN_NON_LITERAL_NULL_CONVERSION = YES;
				CLANG_WARN_OBJC_IMPLICIT_RETAIN_SELF = YES;
				CLANG_WARN_OBJC_LITERAL_CONVERSION = YES;
				CLANG_WARN_OBJC_ROOT_CLASS = YES_ERROR;
				CLANG_WARN_RANGE_LOOP_ANALYSIS = YES;
				CLANG_WARN_STRICT_PROTOTYPES = YES;
				CLANG_WARN_SUSPICIOUS_MOVE = YES;
				CLANG_WARN_UNGUARDED_AVAILABILITY = YES_AGGRESSIVE;
				CLANG_WARN_UNREACHABLE_CODE = YES;
				CLANG_WARN__DUPLICATE_METHOD_MATCH = YES;
				COPY_PHASE_STRIP = NO;
				DEBUG_INFORMATION_FORMAT = "dwarf-with-dsym";
				ENABLE_NS_ASSERTIONS = NO;
				ENABLE_STRICT_OBJC_MSGSEND = YES;
				GCC_C_LANGUAGE_STANDARD = gnu11;
				GCC_NO_COMMON_BLOCKS = YES;
				GCC_WARN_64_TO_32_BIT_CONVERSION = YES;
				GCC_WARN_ABOUT_RETURN_TYPE = YES_ERROR;
				GCC_WARN_UNDECLARED_SELECTOR = YES;
				GCC_WARN_UNINITIALIZED_AUTOS = YES_AGGRESSIVE;
				GCC_WARN_UNUSED_FUNCTION = YES;
				GCC_WARN_UNUSED_VARIABLE = YES;
				IPHONEOS_DEPLOYMENT_TARGET = 13.2;
				MTL_ENABLE_DEBUG_INFO = NO;
				MTL_FAST_MATH = YES;
				SDKROOT = iphoneos;
				SWIFT_COMPILATION_MODE = wholemodule;
				SWIFT_OPTIMIZATION_LEVEL = "-O";
				VALIDATE_PRODUCT = YES;
			};
			name = Release;
		};
		EDC8D63C23F455B100154CC9 /* Debug */ = {
			isa = XCBuildConfiguration;
			buildSettings = {
				ASSETCATALOG_COMPILER_APPICON_NAME = AppIcon;
				CODE_SIGN_STYLE = Automatic;
				DEVELOPMENT_TEAM = W82S8CAK69;
				INFOPLIST_FILE = "Think and Build/Info.plist";
				IPHONEOS_DEPLOYMENT_TARGET = 13.4;
				LD_RUNPATH_SEARCH_PATHS = (
					"$(inherited)",
					"@executable_path/Frameworks",
				);
				PRODUCT_BUNDLE_IDENTIFIER = "muqi.Think-and-Build";
				PRODUCT_NAME = "$(TARGET_NAME)";
				SWIFT_VERSION = 5.0;
				TARGETED_DEVICE_FAMILY = "1,2";
			};
			name = Debug;
		};
		EDC8D63D23F455B100154CC9 /* Release */ = {
			isa = XCBuildConfiguration;
			buildSettings = {
				ASSETCATALOG_COMPILER_APPICON_NAME = AppIcon;
				CODE_SIGN_STYLE = Automatic;
				DEVELOPMENT_TEAM = W82S8CAK69;
				INFOPLIST_FILE = "Think and Build/Info.plist";
				IPHONEOS_DEPLOYMENT_TARGET = 13.4;
				LD_RUNPATH_SEARCH_PATHS = (
					"$(inherited)",
					"@executable_path/Frameworks",
				);
				PRODUCT_BUNDLE_IDENTIFIER = "muqi.Think-and-Build";
				PRODUCT_NAME = "$(TARGET_NAME)";
				SWIFT_VERSION = 5.0;
				TARGETED_DEVICE_FAMILY = "1,2";
			};
			name = Release;
		};
/* End XCBuildConfiguration section */

/* Begin XCConfigurationList section */
		EDC8D62223F455AD00154CC9 /* Build configuration list for PBXProject "Think and Build" */ = {
			isa = XCConfigurationList;
			buildConfigurations = (
				EDC8D63923F455B100154CC9 /* Debug */,
				EDC8D63A23F455B100154CC9 /* Release */,
			);
			defaultConfigurationIsVisible = 0;
			defaultConfigurationName = Release;
		};
		EDC8D63B23F455B100154CC9 /* Build configuration list for PBXNativeTarget "Think and Build" */ = {
			isa = XCConfigurationList;
			buildConfigurations = (
				EDC8D63C23F455B100154CC9 /* Debug */,
				EDC8D63D23F455B100154CC9 /* Release */,
			);
			defaultConfigurationIsVisible = 0;
			defaultConfigurationName = Release;
		};
/* End XCConfigurationList section */
	};
	rootObject = EDC8D61F23F455AD00154CC9 /* Project object */;
}
